Microsoft Visual Studio Solution File, Format Version 9.00
# Visual Studio 2005
Project("{FAE04EC0-301F-11D3-BF4B-00C04F79EFBC}") = "WinWebSolution.Module.Win", "WinWebSolution.Module.Win\WinWebSolution.Module.Win.csproj", "{928317A6-FCB1-48D9-BFCC-8394F9722113}"
	ProjectSection(WebsiteProperties) = preProject
		Debug.AspNetCompiler.Debug = "True"
		Release.AspNetCompiler.Debug = "False"
	EndProjectSection
EndProject
Project("{FAE04EC0-301F-11D3-BF4B-00C04F79EFBC}") = "WinWebSolution.Win", "WinWebSolution.Win\WinWebSolution.Win.csproj", "{83C4388C-358E-4083-B3A1-0912145361E6}"
	ProjectSection(WebsiteProperties) = preProject
		Debug.AspNetCompiler.Debug = "True"
		Release.AspNetCompiler.Debug = "False"
	EndProjectSection
EndProject
Global
	GlobalSection(SolutionConfigurationPlatforms) = preSolution
		Debug|Any CPU = Debug|Any CPU
		Release|Any CPU = Release|Any CPU
	EndGlobalSection
	GlobalSection(ProjectConfigurationPlatforms) = postSolution
		{928317A6-FCB1-48D9-BFCC-8394F9722113}.Debug|Any CPU.ActiveCfg = Debug|Any CPU
		{928317A6-FCB1-48D9-BFCC-8394F9722113}.Debug|Any CPU.Build.0 = Debug|Any CPU
		{928317A6-FCB1-48D9-BFCC-8394F9722113}.Release|Any CPU.ActiveCfg = Release|Any CPU
		{928317A6-FCB1-48D9-BFCC-8394F9722113}.Release|Any CPU.Build.0 = Release|Any CPU
		{83C4388C-358E-4083-B3A1-0912145361E6}.Debug|Any CPU.ActiveCfg = Debug|Any CPU
		{83C4388C-358E-4083-B3A1-0912145361E6}.Debug|Any CPU.Build.0 = Debug|Any CPU
		{83C4388C-358E-4083-B3A1-0912145361E6}.Release|Any CPU.ActiveCfg = Release|Any CPU
		{83C4388C-358E-4083-B3A1-0912145361E6}.Release|Any CPU.Build.0 = Release|Any CPU
	EndGlobalSection
	GlobalSection(SolutionProperties) = preSolution
		HideSolutionNode = FALSE
	EndGlobalSection
EndGlobal
