Microsoft Visual Studio Solution File, Format Version 12.00
# Visual Studio Version 17
VisualStudioVersion = 17.5.33424.131
MinimumVisualStudioVersion = 10.0.40219.1
Project("{9A19103F-16F7-4668-BE54-9A1E7A4F7556}") = "ExecuteAction.Blazor.Server", "ExecuteAction.Blazor.Server\ExecuteAction.Blazor.Server.csproj", "{39E78F1D-393E-4FA0-8AFD-91818775859D}"
EndProject
Project("{9A19103F-16F7-4668-BE54-9A1E7A4F7556}") = "ExecuteAction.Module", "ExecuteAction.Module\ExecuteAction.Module.csproj", "{14DD3A0F-A4C9-4418-926D-6F19BF117DBA}"
EndProject
Project("{9A19103F-16F7-4668-BE54-9A1E7A4F7556}") = "ExecuteAction.Win", "ExecuteAction.Win\ExecuteAction.Win.csproj", "{076FCE3A-29F0-4E2C-B8B7-EF8E8159E2C9}"
EndProject

Global
	GlobalSection(SolutionConfigurationPlatforms) = preSolution
		Debug|Any CPU = Debug|Any CPU
		EasyTest|Any CPU = EasyTest|Any CPU
		Release|Any CPU = Release|Any CPU
	EndGlobalSection
	GlobalSection(ProjectConfigurationPlatforms) = postSolution
		{14DD3A0F-A4C9-4418-926D-6F19BF117DBA}.Debug|Any CPU.ActiveCfg = Debug|Any CPU
		{14DD3A0F-A4C9-4418-926D-6F19BF117DBA}.Debug|Any CPU.Build.0 = Debug|Any CPU
		{14DD3A0F-A4C9-4418-926D-6F19BF117DBA}.EasyTest|Any CPU.ActiveCfg = EasyTest|Any CPU
		{14DD3A0F-A4C9-4418-926D-6F19BF117DBA}.EasyTest|Any CPU.Build.0 = EasyTest|Any CPU
		{14DD3A0F-A4C9-4418-926D-6F19BF117DBA}.Release|Any CPU.ActiveCfg = Release|Any CPU
		{14DD3A0F-A4C9-4418-926D-6F19BF117DBA}.Release|Any CPU.Build.0 = Release|Any CPU
		{076FCE3A-29F0-4E2C-B8B7-EF8E8159E2C9}.Debug|Any CPU.ActiveCfg = Debug|Any CPU
		{076FCE3A-29F0-4E2C-B8B7-EF8E8159E2C9}.Debug|Any CPU.Build.0 = Debug|Any CPU
		{076FCE3A-29F0-4E2C-B8B7-EF8E8159E2C9}.EasyTest|Any CPU.ActiveCfg = EasyTest|Any CPU
		{076FCE3A-29F0-4E2C-B8B7-EF8E8159E2C9}.EasyTest|Any CPU.Build.0 = EasyTest|Any CPU
		{076FCE3A-29F0-4E2C-B8B7-EF8E8159E2C9}.Release|Any CPU.ActiveCfg = Release|Any CPU
		{076FCE3A-29F0-4E2C-B8B7-EF8E8159E2C9}.Release|Any CPU.Build.0 = Release|Any CPU
		{39E78F1D-393E-4FA0-8AFD-91818775859D}.Debug|Any CPU.ActiveCfg = Debug|Any CPU
		{39E78F1D-393E-4FA0-8AFD-91818775859D}.Debug|Any CPU.Build.0 = Debug|Any CPU
		{39E78F1D-393E-4FA0-8AFD-91818775859D}.EasyTest|Any CPU.ActiveCfg = EasyTest|Any CPU
		{39E78F1D-393E-4FA0-8AFD-91818775859D}.EasyTest|Any CPU.Build.0 = EasyTest|Any CPU
		{39E78F1D-393E-4FA0-8AFD-91818775859D}.Release|Any CPU.ActiveCfg = Release|Any CPU
		{39E78F1D-393E-4FA0-8AFD-91818775859D}.Release|Any CPU.Build.0 = Release|Any CPU
	EndGlobalSection
	GlobalSection(SolutionProperties) = preSolution
		HideSolutionNode = FALSE
	EndGlobalSection
	GlobalSection(ExtensibilityGlobals) = postSolution
		SolutionGuid = {193298DE-1275-4D22-8F9E-9112EF8BA6AE}
	EndGlobalSection
EndGlobal
